{
  "nodes": {
    "chibi-scheme": {
      "flake": false,
      "locked": {
        "lastModified": 1790512482,
        "narHash": "sha256-bZYWFezCA5kwGcUtQqiMFAq1ivmokqgxQ8OVWx2MfVA=",
        "owner": "ashinn",
        "repo": "chibi-scheme",
        "rev": "c4e7367e867428889d8fe898a0b39f42e418b3f1",
        "type": "github"
      },
      "original": {
        "owner": "ashinn",
        "repo": "chibi-scheme",
        "type": "github"
      }
    },
    "nixpkgs": {
      "locked": {
        "lastModified": 1791260994,
        "narHash": "sha256-Miqqk/ammqnTUxaoCyvtwoPeLbI1ksFyLxi/CazZpWY=",
        "owner": "NixOS",
        "repo": "nixpkgs",
        "rev": "151fa4e8ddfdd8dd25d945ad94ed54a13de9f6e4",
        "type": "github"
      },
      "original": {
        "owner": "NixOS",
        "ref": "nixos-unstable",
        "repo": "nixpkgs",
        "type": "github"
      }
    },
    "r7rs-benchmarks": {
      "flake": false,
      "locked": {
        "lastModified": 1770105179,
        "narHash": "sha256-WkCxf7E79iCSA6Au+5zEEyxA8VfhBfFp8NYpPqBKfgM=",
        "owner": "ecraven",
        "repo": "r7rs-benchmarks",
        "rev": "85f6acdc4cc4e2b857f307ba56bd0ba931dcccd1",
        "type": "github"
      },
      "original": {
        "owner": "ecraven",
        "repo": "r7rs-benchmarks",
        "type": "github"
      }
    },
    "root": {
      "inputs": {
        "chibi-scheme": "chibi-scheme",
        "nixpkgs": "nixpkgs",
        "r7rs-benchmarks": "r7rs-benchmarks",
        "srfi-113": "srfi-113",
        "srfi-128": "srfi-128",
        "srfi-130": "srfi-130",
        "srfi-132": "srfi-132",
        "srfi-133": "srfi-133",
        "srfi-151": "srfi-151"
      }
    },
    "srfi-113": {
      "flake": false,
      "locked": {
        "lastModified": 1775964663,
        "narHash": "sha256-UChrY6QELbZWwJj865W3PgGcemyvHxGPICD2nq5SEmA=",
        "owner": "scheme-requests-for-implementation",
        "repo": "srfi-113",
        "rev": "b15bfd15d0ea365cfca972691484168ac386fb8e",
        "type": "github"
      },
      "original": {
        "owner": "scheme-requests-for-implementation",
        "repo": "srfi-113",
        "type": "github"
      }
    },
    "srfi-128": {
      "flake": false,
      "locked": {
        "lastModified": 1775964663,
        "narHash": "sha256-el/rbriYc8larS9ebycHWKpyuMxbAqMDn3lKVTez6sg=",
        "owner": "scheme-requests-for-implementation",
        "repo": "srfi-128",
        "rev": "3ec333638e787d75a16de83fcf9645c998e4d976",
        "type": "github"
      },
      "original": {
        "owner": "scheme-requests-for-implementation",
        "repo": "srfi-128",
        "type": "github"
      }
    },
    "srfi-130": {
      "flake": false,
      "locked": {
        "lastModified": 1775964663,
        "narHash": "sha256-fIam86Ze0Asm8noE7O4+E+x+Ay3zWkcm6cshN3NrniE=",
        "owner": "scheme-requests-for-implementation",
        "repo": "srfi-130",
        "rev": "ece17b20b6ffef3a4f7b39a159a9093c531aab0a",
        "type": "github"
      },
      "original": {
        "owner": "scheme-requests-for-implementation",
        "repo": "srfi-130",
        "type": "github"
      }
    },
    "srfi-132": {
      "flake": false,
      "locked": {
        "lastModified": 1775964663,
        "narHash": "sha256-dSr/zvKtdVf1g3qj2eEiakjij3uEGGWvauMxN/7u0FQ=",
        "owner": "scheme-requests-for-implementation",
        "repo": "srfi-132",
        "rev": "3e94af40ac389bb9dfd020e3f47728a470d61ec3",
        "type": "github"
      },
      "original": {
        "owner": "scheme-requests-for-implementation",
        "repo": "srfi-132",
        "type": "github"
      }
    },
    "srfi-133": {
      "flake": false,
      "locked": {
        "lastModified": 1775965347,
        "narHash": "sha256-geHKp6FQaxJznlJXHHLpWEQ3MTUGeZy017r1Y+wBYss=",
        "owner": "scheme-requests-for-implementation",
        "repo": "srfi-133",
        "rev": "12923135eeebedcff84972a4b5140b0f97306160",
        "type": "github"
      },
      "original": {
        "owner": "scheme-requests-for-implementation",
        "repo": "srfi-133",
        "type": "github"
      }
    },
    "srfi-151": {
      "flake": false,
      "locked": {
        "lastModified": 1775964663,
        "narHash": "sha256-QCPtxf4IMt5fe4a+JISp8sZ/CYIEk2T5BfpzRk0LyVo=",
        "owner": "scheme-requests-for-implementation",
        "repo": "srfi-151",
        "rev": "6eb63d8d9da64c5bade24eaa2f91a2c0da2f5dc6",
        "type": "github"
      },
      "original": {
        "owner": "scheme-requests-for-implementation",
        "repo": "srfi-151",
        "type": "github"
      }
    }
  },
  "root": "root",
  "version": 7
}
